
Microsoft Visual Studio Solution File, Format Version 12.00
Project("{FAE04EC0-301F-11D3-BF4B-00C04F79EFBC}") = "Animals.API", "Animals.API\Animals.API.csproj", "{99DDD863-52CD-4578-B82C-7B02F64854B8}"
EndProject
Global
	GlobalSection(SolutionConfigurationPlatforms) = preSolution
		Debug|Any CPU = Debug|Any CPU
		Release|Any CPU = Release|Any CPU
	EndGlobalSection
	GlobalSection(ProjectConfigurationPlatforms) = postSolution
		{99DDD863-52CD-4578-B82C-7B02F64854B8}.Debug|Any CPU.ActiveCfg = Debug|Any CPU
		{99DDD863-52CD-4578-B82C-7B02F64854B8}.Debug|Any CPU.Build.0 = Debug|Any CPU
		{99DDD863-52CD-4578-B82C-7B02F64854B8}.Release|Any CPU.ActiveCfg = Release|Any CPU
		{99DDD863-52CD-4578-B82C-7B02F64854B8}.Release|Any CPU.Build.0 = Release|Any CPU
	EndGlobalSection
EndGlobal
